
Microsoft Visual Studio Solution File, Format Version 12.00
# Visual Studio Version 16
VisualStudioVersion = 16.0.31605.320
MinimumVisualStudioVersion = 10.0.40219.1
Project("{FAE04EC0-301F-11D3-BF4B-00C04F79EFBC}") = "NLogdemo", "NLogdemo\NLogdemo.csproj", "{575C9D4F-DD01-4481-BBBA-8A3B1C7D53C9}"
EndProject
Global
	GlobalSection(SolutionConfigurationPlatforms) = preSolution
		Debug|Any CPU = Debug|Any CPU
		Release|Any CPU = Release|Any CPU
	EndGlobalSection
	GlobalSection(ProjectConfigurationPlatforms) = postSolution
		{575C9D4F-DD01-4481-BBBA-8A3B1C7D53C9}.Debug|Any CPU.ActiveCfg = Debug|Any CPU
		{575C9D4F-DD01-4481-BBBA-8A3B1C7D53C9}.Debug|Any CPU.Build.0 = Debug|Any CPU
		{575C9D4F-DD01-4481-BBBA-8A3B1C7D53C9}.Release|Any CPU.ActiveCfg = Release|Any CPU
		{575C9D4F-DD01-4481-BBBA-8A3B1C7D53C9}.Release|Any CPU.Build.0 = Release|Any CPU
	EndGlobalSection
	GlobalSection(SolutionProperties) = preSolution
		HideSolutionNode = FALSE
	EndGlobalSection
	GlobalSection(ExtensibilityGlobals) = postSolution
		SolutionGuid = {5CF840CA-224A-4C50-BF76-7103A5C42D17}
	EndGlobalSection
EndGlobal
